
Microsoft Visual Studio Solution File, Format Version 12.00
# Visual Studio 2012
Project("{FAE04EC0-301F-11D3-BF4B-00C04F79EFBC}") = "NumberGuess", "NumberGuess\NumberGuess.csproj", "{2DA6ADC5-AD36-4C66-9E1B-7544DED8BC87}"
EndProject
Project("{FAE04EC0-301F-11D3-BF4B-00C04F79EFBC}") = "NumberGuess.UITests", "NumberGuess.UITests\NumberGuess.UITests.csproj", "{8F05B557-F769-490B-9C0D-7E08B47E20AA}"
EndProject
Global
	GlobalSection(SolutionConfigurationPlatforms) = preSolution
		Debug|Any CPU = Debug|Any CPU
		Release|Any CPU = Release|Any CPU
	EndGlobalSection
	GlobalSection(ProjectConfigurationPlatforms) = postSolution
		{2DA6ADC5-AD36-4C66-9E1B-7544DED8BC87}.Debug|Any CPU.ActiveCfg = Debug|Any CPU
		{2DA6ADC5-AD36-4C66-9E1B-7544DED8BC87}.Debug|Any CPU.Build.0 = Debug|Any CPU
		{2DA6ADC5-AD36-4C66-9E1B-7544DED8BC87}.Release|Any CPU.ActiveCfg = Release|Any CPU
		{2DA6ADC5-AD36-4C66-9E1B-7544DED8BC87}.Release|Any CPU.Build.0 = Release|Any CPU
		{8F05B557-F769-490B-9C0D-7E08B47E20AA}.Debug|Any CPU.ActiveCfg = Debug|Any CPU
		{8F05B557-F769-490B-9C0D-7E08B47E20AA}.Debug|Any CPU.Build.0 = Debug|Any CPU
		{8F05B557-F769-490B-9C0D-7E08B47E20AA}.Release|Any CPU.ActiveCfg = Release|Any CPU
		{8F05B557-F769-490B-9C0D-7E08B47E20AA}.Release|Any CPU.Build.0 = Release|Any CPU
	EndGlobalSection
EndGlobal
